
Microsoft Visual Studio Solution File, Format Version 12.00
# Visual Studio Version 17
VisualStudioVersion = 17.2.32630.192
MinimumVisualStudioVersion = 10.0.40219.1
Project("{FAE04EC0-301F-11D3-BF4B-00C04F79EFBC}") = "DiceRoller.Android", "DiceRoller\DiceRoller.Android\DiceRoller.Android.csproj", "{2472E9B9-F4AE-4629-AD6A-BE54D2E3565A}"
EndProject
Project("{FAE04EC0-301F-11D3-BF4B-00C04F79EFBC}") = "DiceRoller", "DiceRoller\DiceRoller\DiceRoller.csproj", "{64A29407-B38B-4626-A1D2-9FB28142BA39}"
EndProject
Project("{FAE04EC0-301F-11D3-BF4B-00C04F79EFBC}") = "DieTests", "DieTests\DieTests.csproj", "{AE9DAE12-483D-4EB7-AEAD-BB5C8261ECC3}"
EndProject
Project("{FAE04EC0-301F-11D3-BF4B-00C04F79EFBC}") = "UITest", "UITest\UITest.csproj", "{208C1BE5-8D16-43FF-8F57-BFA047D58F6F}"
EndProject
Global
	GlobalSection(SolutionConfigurationPlatforms) = preSolution
		Debug|Any CPU = Debug|Any CPU
		Release|Any CPU = Release|Any CPU
	EndGlobalSection
	GlobalSection(ProjectConfigurationPlatforms) = postSolution
		{2472E9B9-F4AE-4629-AD6A-BE54D2E3565A}.Debug|Any CPU.ActiveCfg = Debug|Any CPU
		{2472E9B9-F4AE-4629-AD6A-BE54D2E3565A}.Debug|Any CPU.Build.0 = Debug|Any CPU
		{2472E9B9-F4AE-4629-AD6A-BE54D2E3565A}.Debug|Any CPU.Deploy.0 = Debug|Any CPU
		{2472E9B9-F4AE-4629-AD6A-BE54D2E3565A}.Release|Any CPU.ActiveCfg = Release|Any CPU
		{2472E9B9-F4AE-4629-AD6A-BE54D2E3565A}.Release|Any CPU.Build.0 = Release|Any CPU
		{2472E9B9-F4AE-4629-AD6A-BE54D2E3565A}.Release|Any CPU.Deploy.0 = Release|Any CPU
		{64A29407-B38B-4626-A1D2-9FB28142BA39}.Debug|Any CPU.ActiveCfg = Debug|Any CPU
		{64A29407-B38B-4626-A1D2-9FB28142BA39}.Debug|Any CPU.Build.0 = Debug|Any CPU
		{64A29407-B38B-4626-A1D2-9FB28142BA39}.Release|Any CPU.ActiveCfg = Release|Any CPU
		{64A29407-B38B-4626-A1D2-9FB28142BA39}.Release|Any CPU.Build.0 = Release|Any CPU
		{AE9DAE12-483D-4EB7-AEAD-BB5C8261ECC3}.Debug|Any CPU.ActiveCfg = Debug|Any CPU
		{AE9DAE12-483D-4EB7-AEAD-BB5C8261ECC3}.Debug|Any CPU.Build.0 = Debug|Any CPU
		{AE9DAE12-483D-4EB7-AEAD-BB5C8261ECC3}.Release|Any CPU.ActiveCfg = Release|Any CPU
		{AE9DAE12-483D-4EB7-AEAD-BB5C8261ECC3}.Release|Any CPU.Build.0 = Release|Any CPU
		{208C1BE5-8D16-43FF-8F57-BFA047D58F6F}.Debug|Any CPU.ActiveCfg = Debug|Any CPU
		{208C1BE5-8D16-43FF-8F57-BFA047D58F6F}.Debug|Any CPU.Build.0 = Debug|Any CPU
		{208C1BE5-8D16-43FF-8F57-BFA047D58F6F}.Release|Any CPU.ActiveCfg = Release|Any CPU
		{208C1BE5-8D16-43FF-8F57-BFA047D58F6F}.Release|Any CPU.Build.0 = Release|Any CPU
	EndGlobalSection
	GlobalSection(SolutionProperties) = preSolution
		HideSolutionNode = FALSE
	EndGlobalSection
	GlobalSection(ExtensibilityGlobals) = postSolution
		SolutionGuid = {4CA015D5-A285-4FBA-97FC-D7FF95439B47}
	EndGlobalSection
EndGlobal
